
Microsoft Visual Studio Solution File, Format Version 12.00
# Visual Studio 15
VisualStudioVersion = 15.0.27703.2042
MinimumVisualStudioVersion = 10.0.40219.1
Project("{FAE04EC0-301F-11D3-BF4B-00C04F79EFBC}") = "EmailTemplate", "EmailViews\EmailTemplate.csproj", "{2D7AFEB1-5779-4429-8250-D6D1FAA212C6}"
EndProject
Global
	GlobalSection(SolutionConfigurationPlatforms) = preSolution
		Debug|Any CPU = Debug|Any CPU
		Release|Any CPU = Release|Any CPU
	EndGlobalSection
	GlobalSection(ProjectConfigurationPlatforms) = postSolution
		{2D7AFEB1-5779-4429-8250-D6D1FAA212C6}.Debug|Any CPU.ActiveCfg = Debug|Any CPU
		{2D7AFEB1-5779-4429-8250-D6D1FAA212C6}.Debug|Any CPU.Build.0 = Debug|Any CPU
		{2D7AFEB1-5779-4429-8250-D6D1FAA212C6}.Release|Any CPU.ActiveCfg = Release|Any CPU
		{2D7AFEB1-5779-4429-8250-D6D1FAA212C6}.Release|Any CPU.Build.0 = Release|Any CPU
	EndGlobalSection
	GlobalSection(SolutionProperties) = preSolution
		HideSolutionNode = FALSE
	EndGlobalSection
	GlobalSection(ExtensibilityGlobals) = postSolution
		SolutionGuid = {95FF75DA-2AC1-4145-99D9-5FF21D2EA462}
	EndGlobalSection
EndGlobal
